// !$*UTF8*$!
{
	archiveVersion = 1;
	classes = {
	};
	objectVersion = 46;
	objects = {

/* Begin PBXBuildFile section */
		451ED8B01CA395D400646E21 /* AppDelegate.swift in Sources */ = {isa = PBXBuildFile; fileRef = 451ED8AF1CA395D400646E21 /* AppDelegate.swift */; };
		451ED8B21CA395D400646E21 /* ViewController.swift in Sources */ = {isa = PBXBuildFile; fileRef = 451ED8B11CA395D400646E21 /* ViewController.swift */; };
		451ED8B51CA395D400646E21 /* Main.storyboard in Resources */ = {isa = PBXBuildFile; fileRef = 451ED8B31CA395D400646E21 /* Main.storyboard */; };
		451ED8B71CA395D400646E21 /* Assets.xcassets in Resources */ = {isa = PBXBuildFile; fileRef = 451ED8B61CA395D400646E21 /* Assets.xcassets */; };
		451ED8BA1CA395D400646E21 /* LaunchScreen.storyboard in Resources */ = {isa = PBXBuildFile; fileRef = 451ED8B81CA395D400646E21 /* LaunchScreen.storyboard */; };
		451ED8C51CA395FA00646E21 /* KeychainWrapper.m in Sources */ = {isa = PBXBuildFile; fileRef = 451ED8C41CA395FA00646E21 /* KeychainWrapper.m */; };
		451ED8CD1CA3BC7200646E21 /* KeychainHandable.swift in Sources */ = {isa = PBXBuildFile; fileRef = 451ED8CC1CA3BC7200646E21 /* KeychainHandable.swift */; };
		451ED8CF1CA3C26F00646E21 /* Queue.swift in Sources */ = {isa = PBXBuildFile; fileRef = 451ED8CE1CA3C26F00646E21 /* Queue.swift */; };
		451ED8D11CA3CB5000646E21 /* TouchIDHandable.swift in Sources */ = {isa = PBXBuildFile; fileRef = 451ED8D01CA3CB5000646E21 /* TouchIDHandable.swift */; };
		451ED8D31CA3CD8D00646E21 /* DiskVar.swift in Sources */ = {isa = PBXBuildFile; fileRef = 451ED8D21CA3CD8D00646E21 /* DiskVar.swift */; };
/* End PBXBuildFile section */

/* Begin PBXFileReference section */
		451ED8AC1CA395D300646E21 /* Keychain.app */ = {isa = PBXFileReference; explicitFileType = wrapper.application; includeInIndex = 0; path = Keychain.app; sourceTree = BUILT_PRODUCTS_DIR; };
		451ED8AF1CA395D400646E21 /* AppDelegate.swift */ = {isa = PBXFileReference; lastKnownFileType = sourcecode.swift; path = AppDelegate.swift; sourceTree = "<group>"; };
		451ED8B11CA395D400646E21 /* ViewController.swift */ = {isa = PBXFileReference; lastKnownFileType = sourcecode.swift; path = ViewController.swift; sourceTree = "<group>"; };
		451ED8B41CA395D400646E21 /* Base */ = {isa = PBXFileReference; lastKnownFileType = file.storyboard; name = Base; path = Base.lproj/Main.storyboard; sourceTree = "<group>"; };
		451ED8B61CA395D400646E21 /* Assets.xcassets */ = {isa = PBXFileReference; lastKnownFileType = folder.assetcatalog; path = Assets.xcassets; sourceTree = "<group>"; };
		451ED8B91CA395D400646E21 /* Base */ = {isa = PBXFileReference; lastKnownFileType = file.storyboard; name = Base; path = Base.lproj/LaunchScreen.storyboard; sourceTree = "<group>"; };
		451ED8BB1CA395D400646E21 /* Info.plist */ = {isa = PBXFileReference; lastKnownFileType = text.plist.xml; path = Info.plist; sourceTree = "<group>"; };
		451ED8C31CA395FA00646E21 /* KeychainWrapper.h */ = {isa = PBXFileReference; fileEncoding = 4; lastKnownFileType = sourcecode.c.h; path = KeychainWrapper.h; sourceTree = "<group>"; };
		451ED8C41CA395FA00646E21 /* KeychainWrapper.m */ = {isa = PBXFileReference; fileEncoding = 4; lastKnownFileType = sourcecode.c.objc; path = KeychainWrapper.m; sourceTree = "<group>"; };
		451ED8C91CA3967600646E21 /* Bridging-Header.h */ = {isa = PBXFileReference; lastKnownFileType = sourcecode.c.h; path = "Bridging-Header.h"; sourceTree = "<group>"; };
		451ED8CC1CA3BC7200646E21 /* KeychainHandable.swift */ = {isa = PBXFileReference; fileEncoding = 4; lastKnownFileType = sourcecode.swift; path = KeychainHandable.swift; sourceTree = "<group>"; };
		451ED8CE1CA3C26F00646E21 /* Queue.swift */ = {isa = PBXFileReference; fileEncoding = 4; lastKnownFileType = sourcecode.swift; path = Queue.swift; sourceTree = "<group>"; };
		451ED8D01CA3CB5000646E21 /* TouchIDHandable.swift */ = {isa = PBXFileReference; fileEncoding = 4; lastKnownFileType = sourcecode.swift; path = TouchIDHandable.swift; sourceTree = "<group>"; };
		451ED8D21CA3CD8D00646E21 /* DiskVar.swift */ = {isa = PBXFileReference; fileEncoding = 4; lastKnownFileType = sourcecode.swift; path = DiskVar.swift; sourceTree = "<group>"; };
/* End PBXFileReference section */

/* Begin PBXFrameworksBuildPhase section */
		451ED8A91CA395D300646E21 /* Frameworks */ = {
			isa = PBXFrameworksBuildPhase;
			buildActionMask = 2147483647;
			files = (
			);
			runOnlyForDeploymentPostprocessing = 0;
		};
/* End PBXFrameworksBuildPhase section */

/* Begin PBXGroup section */
		451ED8A31CA395D300646E21 = {
			isa = PBXGroup;
			children = (
				451ED8AE1CA395D400646E21 /* Keychain */,
				451ED8AD1CA395D300646E21 /* Products */,
			);
			sourceTree = "<group>";
		};
		451ED8AD1CA395D300646E21 /* Products */ = {
			isa = PBXGroup;
			children = (
				451ED8AC1CA395D300646E21 /* Keychain.app */,
			);
			name = Products;
			sourceTree = "<group>";
		};
		451ED8AE1CA395D400646E21 /* Keychain */ = {
			isa = PBXGroup;
			children = (
				451ED8B11CA395D400646E21 /* ViewController.swift */,
				451ED8B31CA395D400646E21 /* Main.storyboard */,
				451ED8C21CA395FA00646E21 /* KeychainWrapper */,
				451ED8C11CA395EF00646E21 /* Supporting Files */,
			);
			path = Keychain;
			sourceTree = "<group>";
		};
		451ED8C11CA395EF00646E21 /* Supporting Files */ = {
			isa = PBXGroup;
			children = (
				451ED8AF1CA395D400646E21 /* AppDelegate.swift */,
				451ED8D21CA3CD8D00646E21 /* DiskVar.swift */,
				451ED8CE1CA3C26F00646E21 /* Queue.swift */,
				451ED8C91CA3967600646E21 /* Bridging-Header.h */,
				451ED8B61CA395D400646E21 /* Assets.xcassets */,
				451ED8B81CA395D400646E21 /* LaunchScreen.storyboard */,
				451ED8BB1CA395D400646E21 /* Info.plist */,
			);
			name = "Supporting Files";
			sourceTree = "<group>";
		};
		451ED8C21CA395FA00646E21 /* KeychainWrapper */ = {
			isa = PBXGroup;
			children = (
				451ED8D01CA3CB5000646E21 /* TouchIDHandable.swift */,
				451ED8CC1CA3BC7200646E21 /* KeychainHandable.swift */,
				451ED8C31CA395FA00646E21 /* KeychainWrapper.h */,
				451ED8C41CA395FA00646E21 /* KeychainWrapper.m */,
			);
			path = KeychainWrapper;
			sourceTree = "<group>";
		};
/* End PBXGroup section */

/* Begin PBXNativeTarget section */
		451ED8AB1CA395D300646E21 /* Keychain */ = {
			isa = PBXNativeTarget;
			buildConfigurationList = 451ED8BE1CA395D400646E21 /* Build configuration list for PBXNativeTarget "Keychain" */;
			buildPhases = (
				451ED8A81CA395D300646E21 /* Sources */,
				451ED8A91CA395D300646E21 /* Frameworks */,
				451ED8AA1CA395D300646E21 /* Resources */,
			);
			buildRules = (
			);
			dependencies = (
			);
			name = Keychain;
			productName = Keychain;
			productReference = 451ED8AC1CA395D300646E21 /* Keychain.app */;
			productType = "com.apple.product-type.application";
		};
/* End PBXNativeTarget section */

/* Begin PBXProject section */
		451ED8A41CA395D300646E21 /* Project object */ = {
			isa = PBXProject;
			attributes = {
				LastSwiftUpdateCheck = 0730;
				LastUpgradeCheck = 0730;
				ORGANIZATIONNAME = LuoJie;
				TargetAttributes = {
					451ED8AB1CA395D300646E21 = {
						CreatedOnToolsVersion = 7.3;
						DevelopmentTeam = 6BDKUNMM63;
					};
				};
			};
			buildConfigurationList = 451ED8A71CA395D300646E21 /* Build configuration list for PBXProject "Keychain" */;
			compatibilityVersion = "Xcode 3.2";
			developmentRegion = English;
			hasScannedForEncodings = 0;
			knownRegions = (
				en,
				Base,
			);
			mainGroup = 451ED8A31CA395D300646E21;
			productRefGroup = 451ED8AD1CA395D300646E21 /* Products */;
			projectDirPath = "";
			projectRoot = "";
			targets = (
				451ED8AB1CA395D300646E21 /* Keychain */,
			);
		};
/* End PBXProject section */

/* Begin PBXResourcesBuildPhase section */
		451ED8AA1CA395D300646E21 /* Resources */ = {
			isa = PBXResourcesBuildPhase;
			buildActionMask = 2147483647;
			files = (
				451ED8BA1CA395D400646E21 /* LaunchScreen.storyboard in Resources */,
				451ED8B71CA395D400646E21 /* Assets.xcassets in Resources */,
				451ED8B51CA395D400646E21 /* Main.storyboard in Resources */,
			);
			runOnlyForDeploymentPostprocessing = 0;
		};
/* End PBXResourcesBuildPhase section */

/* Begin PBXSourcesBuildPhase section */
		451ED8A81CA395D300646E21 /* Sources */ = {
			isa = PBXSourcesBuildPhase;
			buildActionMask = 2147483647;
			files = (
				451ED8CF1CA3C26F00646E21 /* Queue.swift in Sources */,
				451ED8D11CA3CB5000646E21 /* TouchIDHandable.swift in Sources */,
				451ED8D31CA3CD8D00646E21 /* DiskVar.swift in Sources */,
				451ED8C51CA395FA00646E21 /* KeychainWrapper.m in Sources */,
				451ED8B21CA395D400646E21 /* ViewController.swift in Sources */,
				451ED8CD1CA3BC7200646E21 /* KeychainHandable.swift in Sources */,
				451ED8B01CA395D400646E21 /* AppDelegate.swift in Sources */,
			);
			runOnlyForDeploymentPostprocessing = 0;
		};
/* End PBXSourcesBuildPhase section */

/* Begin PBXVariantGroup section */
		451ED8B31CA395D400646E21 /* Main.storyboard */ = {
			isa = PBXVariantGroup;
			children = (
				451ED8B41CA395D400646E21 /* Base */,
			);
			name = Main.storyboard;
			sourceTree = "<group>";
		};
		451ED8B81CA395D400646E21 /* LaunchScreen.storyboard */ = {
			isa = PBXVariantGroup;
			children = (
				451ED8B91CA395D400646E21 /* Base */,
			);
			name = LaunchScreen.storyboard;
			sourceTree = "<group>";
		};
/* End PBXVariantGroup section */

/* Begin XCBuildConfiguration section */
		451ED8BC1CA395D400646E21 /* Debug */ = {
			isa = XCBuildConfiguration;
			buildSettings = {
				ALWAYS_SEARCH_USER_PATHS = NO;
				CLANG_ANALYZER_NONNULL = YES;
				CLANG_CXX_LANGUAGE_STANDARD = "gnu++0x";
				CLANG_CXX_LIBRARY = "libc++";
				CLANG_ENABLE_MODULES = YES;
				CLANG_ENABLE_OBJC_ARC = YES;
				CLANG_WARN_BOOL_CONVERSION = YES;
				CLANG_WARN_CONSTANT_CONVERSION = YES;
				CLANG_WARN_DIRECT_OBJC_ISA_USAGE = YES_ERROR;
				CLANG_WARN_EMPTY_BODY = YES;
				CLANG_WARN_ENUM_CONVERSION = YES;
				CLANG_WARN_INT_CONVERSION = YES;
				CLANG_WARN_OBJC_ROOT_CLASS = YES_ERROR;
				CLANG_WARN_UNREACHABLE_CODE = YES;
				CLANG_WARN__DUPLICATE_METHOD_MATCH = YES;
				"CODE_SIGN_IDENTITY[sdk=iphoneos*]" = "iPhone Developer";
				COPY_PHASE_STRIP = NO;
				DEBUG_INFORMATION_FORMAT = dwarf;
				ENABLE_STRICT_OBJC_MSGSEND = YES;
				ENABLE_TESTABILITY = YES;
				GCC_C_LANGUAGE_STANDARD = gnu99;
				GCC_DYNAMIC_NO_PIC = NO;
				GCC_NO_COMMON_BLOCKS = YES;
				GCC_OPTIMIZATION_LEVEL = 0;
				GCC_PREPROCESSOR_DEFINITIONS = (
					"DEBUG=1",
					"$(inherited)",
				);
				GCC_WARN_64_TO_32_BIT_CONVERSION = YES;
				GCC_WARN_ABOUT_RETURN_TYPE = YES_ERROR;
				GCC_WARN_UNDECLARED_SELECTOR = YES;
				GCC_WARN_UNINITIALIZED_AUTOS = YES_AGGRESSIVE;
				GCC_WARN_UNUSED_FUNCTION = YES;
				GCC_WARN_UNUSED_VARIABLE = YES;
				IPHONEOS_DEPLOYMENT_TARGET = 9.3;
				MTL_ENABLE_DEBUG_INFO = YES;
				ONLY_ACTIVE_ARCH = YES;
				SDKROOT = iphoneos;
				SWIFT_OPTIMIZATION_LEVEL = "-Onone";
				TARGETED_DEVICE_FAMILY = "1,2";
			};
			name = Debug;
		};
		451ED8BD1CA395D400646E21 /* Release */ = {
			isa = XCBuildConfiguration;
			buildSettings = {
				ALWAYS_SEARCH_USER_PATHS = NO;
				CLANG_ANALYZER_NONNULL = YES;
				CLANG_CXX_LANGUAGE_STANDARD = "gnu++0x";
				CLANG_CXX_LIBRARY = "libc++";
				CLANG_ENABLE_MODULES = YES;
				CLANG_ENABLE_OBJC_ARC = YES;
				CLANG_WARN_BOOL_CONVERSION = YES;
				CLANG_WARN_CONSTANT_CONVERSION = YES;
				CLANG_WARN_DIRECT_OBJC_ISA_USAGE = YES_ERROR;
				CLANG_WARN_EMPTY_BODY = YES;
				CLANG_WARN_ENUM_CONVERSION = YES;
				CLANG_WARN_INT_CONVERSION = YES;
				CLANG_WARN_OBJC_ROOT_CLASS = YES_ERROR;
				CLANG_WARN_UNREACHABLE_CODE = YES;
				CLANG_WARN__DUPLICATE_METHOD_MATCH = YES;
				"CODE_SIGN_IDENTITY[sdk=iphoneos*]" = "iPhone Developer";
				COPY_PHASE_STRIP = NO;
				DEBUG_INFORMATION_FORMAT = "dwarf-with-dsym";
				ENABLE_NS_ASSERTIONS = NO;
				ENABLE_STRICT_OBJC_MSGSEND = YES;
				GCC_C_LANGUAGE_STANDARD = gnu99;
				GCC_NO_COMMON_BLOCKS = YES;
				GCC_WARN_64_TO_32_BIT_CONVERSION = YES;
				GCC_WARN_ABOUT_RETURN_TYPE = YES_ERROR;
				GCC_WARN_UNDECLARED_SELECTOR = YES;
				GCC_WARN_UNINITIALIZED_AUTOS = YES_AGGRESSIVE;
				GCC_WARN_UNUSED_FUNCTION = YES;
				GCC_WARN_UNUSED_VARIABLE = YES;
				IPHONEOS_DEPLOYMENT_TARGET = 9.3;
				MTL_ENABLE_DEBUG_INFO = NO;
				SDKROOT = iphoneos;
				TARGETED_DEVICE_FAMILY = "1,2";
				VALIDATE_PRODUCT = YES;
			};
			name = Release;
		};
		451ED8BF1CA395D400646E21 /* Debug */ = {
			isa = XCBuildConfiguration;
			buildSettings = {
				ASSETCATALOG_COMPILER_APPICON_NAME = AppIcon;
				CODE_SIGN_IDENTITY = "iPhone Developer";
				"CODE_SIGN_IDENTITY[sdk=iphoneos*]" = "iPhone Developer";
				INFOPLIST_FILE = Keychain/Info.plist;
				IPHONEOS_DEPLOYMENT_TARGET = 9.0;
				LD_RUNPATH_SEARCH_PATHS = "$(inherited) @executable_path/Frameworks";
				PRODUCT_BUNDLE_IDENTIFIER = cn.beeth0ven.Keychain;
				PRODUCT_NAME = "$(TARGET_NAME)";
				PROVISIONING_PROFILE = "";
				SWIFT_OBJC_BRIDGING_HEADER = "Keychain/Bridging-Header.h";
			};
			name = Debug;
		};
		451ED8C01CA395D400646E21 /* Release */ = {
			isa = XCBuildConfiguration;
			buildSettings = {
				ASSETCATALOG_COMPILER_APPICON_NAME = AppIcon;
				CODE_SIGN_IDENTITY = "iPhone Developer";
				"CODE_SIGN_IDENTITY[sdk=iphoneos*]" = "iPhone Developer";
				INFOPLIST_FILE = Keychain/Info.plist;
				IPHONEOS_DEPLOYMENT_TARGET = 9.0;
				LD_RUNPATH_SEARCH_PATHS = "$(inherited) @executable_path/Frameworks";
				PRODUCT_BUNDLE_IDENTIFIER = cn.beeth0ven.Keychain;
				PRODUCT_NAME = "$(TARGET_NAME)";
				PROVISIONING_PROFILE = "";
				SWIFT_OBJC_BRIDGING_HEADER = "Keychain/Bridging-Header.h";
			};
			name = Release;
		};
/* End XCBuildConfiguration section */

/* Begin XCConfigurationList section */
		451ED8A71CA395D300646E21 /* Build configuration list for PBXProject "Keychain" */ = {
			isa = XCConfigurationList;
			buildConfigurations = (
				451ED8BC1CA395D400646E21 /* Debug */,
				451ED8BD1CA395D400646E21 /* Release */,
			);
			defaultConfigurationIsVisible = 0;
			defaultConfigurationName = Release;
		};
		451ED8BE1CA395D400646E21 /* Build configuration list for PBXNativeTarget "Keychain" */ = {
			isa = XCConfigurationList;
			buildConfigurations = (
				451ED8BF1CA395D400646E21 /* Debug */,
				451ED8C01CA395D400646E21 /* Release */,
			);
			defaultConfigurationIsVisible = 0;
		};
/* End XCConfigurationList section */
	};
	rootObject = 451ED8A41CA395D300646E21 /* Project object */;
}
